{
    "behat/behat": {
        "version": "v3.5.0"
    },
    "behat/gherkin": {
        "version": "v4.5.1"
    },
    "behat/mink": {
        "version": "1.7.x-dev"
    },
    "behat/mink-browserkit-driver": {
        "version": "1.3.3"
    },
    "behat/mink-extension": {
        "version": "2.3.1"
    },
    "behat/symfony2-extension": {
        "version": "2.1",
        "recipe": {
            "repo": "github.com/symfony/recipes",
            "branch": "master",
            "version": "2.1",
            "ref": "6b63fb76d3bb2dd16098f12adf6d6ca844e21862"
        }
    },
    "behat/transliterator": {
        "version": "v1.2.0"
    },
    "cocur/slugify": {
        "version": "v3.1"
    },
    "composer/ca-bundle": {
        "version": "1.1.4"
    },
    "dg/bypass-finals": {
        "version": "v1.1.0"
    },
    "doctrine/annotations": {
        "version": "1.0",
        "recipe": {
            "repo": "github.com/symfony/recipes",
            "branch": "master",
            "version": "1.0",
            "ref": "cb4152ebcadbe620ea2261da1a1c5a9b8cea7672"
        }
    },
    "doctrine/cache": {
        "version": "v1.8.0"
    },
    "doctrine/collections": {
        "version": "v1.5.0"
    },
    "doctrine/common": {
        "version": "v2.9.0"
    },
    "doctrine/data-fixtures": {
        "version": "v1.3.1"
    },
    "doctrine/dbal": {
        "version": "v2.8.0"
    },
    "doctrine/doctrine-bundle": {
        "version": "1.6",
        "recipe": {
            "repo": "github.com/symfony/recipes",
            "branch": "master",
            "version": "1.6",
            "ref": "ae205d5114e719deb64d2110f56ef910787d1e04"
        }
    },
    "doctrine/doctrine-cache-bundle": {
        "version": "1.3.3"
    },
    "doctrine/doctrine-fixtures-bundle": {
        "version": "v2.4.1"
    },
    "doctrine/event-manager": {
        "version": "v1.0.0"
    },
    "doctrine/inflector": {
        "version": "v1.3.0"
    },
    "doctrine/instantiator": {
        "version": "1.1.0"
    },
    "doctrine/lexer": {
        "version": "v1.0.1"
    },
    "doctrine/orm": {
        "version": "v2.6.2"
    },
    "doctrine/persistence": {
        "version": "v1.0.1"
    },
    "doctrine/reflection": {
        "version": "v1.0.0"
    },
    "egulias/email-validator": {
        "version": "2.1.5"
    },
    "ircmaxell/password-compat": {
        "version": "v1.0.4"
    },
    "jdorn/sql-formatter": {
        "version": "v1.2.17"
    },
    "knplabs/knp-menu": {
        "version": "2.3.0"
    },
    "knplabs/knp-menu-bundle": {
        "version": "v2.2.1"
    },
    "kriswallsmith/assetic": {
        "version": "v1.0.5"
    },
    "monolog/monolog": {
        "version": "1.23.0"
    },
    "mopa/bootstrap-bundle": {
        "version": "v3.2.2"
    },
    "mopa/composer-bridge": {
        "version": "v1.5.0"
    },
    "nelmio/security-bundle": {
        "version": "2.4",
        "recipe": {
            "repo": "github.com/symfony/recipes",
            "branch": "master",
            "version": "2.4",
            "ref": "65726efb67ff51d89de38195bc0d230fa811f64d"
        }
    },
    "ocramius/package-versions": {
        "version": "1.4.2"
    },
    "php": {
        "version": "7.1.3"
    },
    "psr/cache": {
        "version": "1.0.1"
    },
    "psr/container": {
        "version": "1.0.0"
    },
    "psr/log": {
        "version": "1.0.2"
    },
    "ramsey/uuid": {
        "version": "3.8.0"
    },
    "robloach/component-installer": {
        "version": "0.2.3"
    },
    "sensio/framework-extra-bundle": {
        "version": "5.2",
        "recipe": {
            "repo": "github.com/symfony/recipes",
            "branch": "master",
            "version": "5.2",
            "ref": "fb7e19da7f013d0d422fa9bce16f5c510e27609b"
        }
    },
    "sensiolabs/security-checker": {
        "version": "4.0",
        "recipe": {
            "repo": "github.com/symfony/recipes",
            "branch": "master",
            "version": "4.0",
            "ref": "05daf6b214e54aed4089f3480f944a67ac3a7889"
        }
    },
    "sonata-project/admin-bundle": {
        "version": "3.31",
        "recipe": {
            "repo": "github.com/symfony/recipes-contrib",
            "branch": "master",
            "version": "3.31",
            "ref": "0e5931df1732e3dccfba42a20853049e5e9db6ae"
        }
    },
    "sonata-project/block-bundle": {
        "version": "3.12.1"
    },
    "sonata-project/cache": {
        "version": "2.0.1"
    },
    "sonata-project/core-bundle": {
        "version": "3.9",
        "recipe": {
            "repo": "github.com/symfony/recipes-contrib",
            "branch": "master",
            "version": "3.9",
            "ref": "2f69bd1995730b73a5211a9707622fb25a925df7"
        }
    },
    "sonata-project/datagrid-bundle": {
        "version": "2.3.1"
    },
    "sonata-project/doctrine-extensions": {
        "version": "1.1.0"
    },
    "sonata-project/doctrine-orm-admin-bundle": {
        "version": "3.6.1"
    },
    "sonata-project/exporter": {
        "version": "1.9.1"
    },
    "swiftmailer/swiftmailer": {
        "version": "v6.1.3"
    },
    "symfony/apache-pack": {
        "version": "1.0",
        "recipe": {
            "repo": "github.com/symfony/recipes-contrib",
            "branch": "master",
            "version": "1.0",
            "ref": "c82bead70f9a4f656354a193df7bf0ca2114efa0"
        }
    },
    "symfony/asset": {
        "version": "v4.1.4"
    },
    "symfony/browser-kit": {
        "version": "v4.1.4"
    },
    "symfony/cache": {
        "version": "v4.1.4"
    },
    "symfony/cache-contracts": {
        "version": "v1.1.7"
    },
    "symfony/class-loader": {
        "version": "v3.4.15"
    },
    "symfony/config": {
        "version": "v4.1.4"
    },
    "symfony/console": {
        "version": "3.3",
        "recipe": {
            "repo": "github.com/symfony/recipes",
            "branch": "master",
            "version": "3.3",
            "ref": "e3868d2f4a5104f19f844fe551099a00c6562527"
        }
    },
    "symfony/css-selector": {
        "version": "v4.1.4"
    },
    "symfony/debug": {
        "version": "v4.1.4"
    },
    "symfony/debug-bundle": {
        "version": "4.1",
        "recipe": {
            "repo": "github.com/symfony/recipes",
            "branch": "master",
            "version": "4.1",
            "ref": "f8863cbad2f2e58c4b65fa1eac892ab189971bea"
        }
    },
    "symfony/debug-pack": {
        "version": "v1.0.7"
    },
    "symfony/dependency-injection": {
        "version": "v4.1.4"
    },
    "symfony/doctrine-bridge": {
        "version": "v4.1.4"
    },
    "symfony/dom-crawler": {
        "version": "v4.1.4"
    },
    "symfony/dotenv": {
        "version": "v4.1.4"
    },
    "symfony/event-dispatcher": {
        "version": "v4.1.4"
    },
    "symfony/event-dispatcher-contracts": {
        "version": "v1.1.7"
    },
    "symfony/expression-language": {
        "version": "v4.1.4"
    },
    "symfony/filesystem": {
        "version": "v4.1.4"
    },
    "symfony/finder": {
        "version": "v4.1.4"
    },
    "symfony/flex": {
        "version": "1.0",
        "recipe": {
            "repo": "github.com/symfony/recipes",
            "branch": "master",
            "version": "1.0",
            "ref": "e921bdbfe20cdefa3b82f379d1cd36df1bc8d115"
        }
    },
    "symfony/form": {
        "version": "v4.1.4"
    },
    "symfony/framework-bundle": {
        "version": "3.3",
        "recipe": {
            "repo": "github.com/symfony/recipes",
            "branch": "master",
            "version": "3.3",
            "ref": "87c585d24de9f43bca80ebcfd5cf5cb39445d95f"
        }
    },
    "symfony/http-client": {
        "version": "v4.3.2"
    },
    "symfony/http-client-contracts": {
        "version": "v1.1.8"
    },
    "symfony/http-foundation": {
        "version": "v4.1.4"
    },
    "symfony/http-kernel": {
        "version": "v4.1.4"
    },
    "symfony/inflector": {
        "version": "v4.1.4"
    },
    "symfony/intl": {
        "version": "v4.1.4"
    },
    "symfony/mime": {
        "version": "v4.3.2"
    },
    "symfony/monolog-bridge": {
        "version": "v4.1.4"
    },
    "symfony/monolog-bundle": {
        "version": "3.1",
        "recipe": {
            "repo": "github.com/symfony/recipes",
            "branch": "master",
            "version": "3.1",
            "ref": "18ebf5a940573a20de06f9c4060101eeb438cf3d"
        }
    },
    "symfony/options-resolver": {
        "version": "v4.1.4"
    },
    "symfony/phpunit-bridge": {
        "version": "4.1",
        "recipe": {
            "repo": "github.com/symfony/recipes",
            "branch": "master",
            "version": "4.1",
            "ref": "b14c7f62fabeedf256d3211b0f704402b5530ba1"
        }
    },
    "symfony/polyfill-apcu": {
        "version": "v1.9.0"
    },
    "symfony/polyfill-intl-icu": {
        "version": "v1.9.0"
    },
    "symfony/polyfill-intl-idn": {
        "version": "v1.10.0"
    },
    "symfony/polyfill-intl-normalizer": {
        "version": "v1.18.1"
    },
    "symfony/polyfill-mbstring": {
        "version": "v1.9.0"
    },
    "symfony/polyfill-php72": {
        "version": "v1.9.0"
    },
    "symfony/polyfill-php73": {
        "version": "v1.11.0"
    },
    "symfony/process": {
        "version": "v3.4.15"
    },
    "symfony/profiler-pack": {
        "version": "v1.0.3"
    },
    "symfony/property-access": {
        "version": "v4.1.4"
    },
    "symfony/routing": {
        "version": "4.0",
        "recipe": {
            "repo": "github.com/symfony/recipes",
            "branch": "master",
            "version": "4.0",
            "ref": "5f514d9d3b8a8aac3d62ae6a86b18b90ed0c7826"
        }
    },
    "symfony/security": {
        "version": "v4.1.4"
    },
    "symfony/security-acl": {
        "version": "v3.0.1"
    },
    "symfony/security-bundle": {
        "version": "3.3",
        "recipe": {
            "repo": "github.com/symfony/recipes",
            "branch": "master",
            "version": "3.3",
            "ref": "f8a63faa0d9521526499c0a8f403c9964ecb0527"
        }
    },
    "symfony/service-contracts": {
        "version": "v1.1.8"
    },
    "symfony/stopwatch": {
        "version": "v4.1.7"
    },
    "symfony/swiftmailer-bundle": {
        "version": "2.5",
        "recipe": {
            "repo": "github.com/symfony/recipes",
            "branch": "master",
            "version": "2.5",
            "ref": "3db029c03e452b4a23f7fc45cec7c922c2247eb8"
        }
    },
    "symfony/templating": {
        "version": "v4.1.4"
    },
    "symfony/translation": {
        "version": "3.3",
        "recipe": {
            "repo": "github.com/symfony/recipes",
            "branch": "master",
            "version": "3.3",
            "ref": "1fb02a6e1c8f3d4232cce485c9afa868d63b115a"
        }
    },
    "symfony/translation-contracts": {
        "version": "v1.1.7"
    },
    "symfony/twig-bridge": {
        "version": "v4.1.4"
    },
    "symfony/twig-bundle": {
        "version": "3.3",
        "recipe": {
            "repo": "github.com/symfony/recipes",
            "branch": "master",
            "version": "3.3",
            "ref": "369b5b29dc52b2c190002825ae7ec24ab6f962dd"
        }
    },
    "symfony/validator": {
        "version": "4.1",
        "recipe": {
            "repo": "github.com/symfony/recipes",
            "branch": "master",
            "version": "4.1",
            "ref": "0cdc982334f45d554957a6167e030482795bf9d7"
        }
    },
    "symfony/var-dumper": {
        "version": "v4.1.4"
    },
    "symfony/var-exporter": {
        "version": "v4.2.4"
    },
    "symfony/web-profiler-bundle": {
        "version": "3.3",
        "recipe": {
            "repo": "github.com/symfony/recipes",
            "branch": "master",
            "version": "3.3",
            "ref": "6bdfa1a95f6b2e677ab985cd1af2eae35d62e0f6"
        }
    },
    "symfony/yaml": {
        "version": "v4.1.4"
    },
    "twbs/bootstrap": {
        "version": "v3.3.7"
    },
    "twig/extensions": {
        "version": "1.0",
        "recipe": {
            "repo": "github.com/symfony/recipes",
            "branch": "master",
            "version": "1.0",
            "ref": "ddb2e0a77773b7fd75d8d649545f174e664500ab"
        }
    },
    "twig/twig": {
        "version": "v2.5.0"
    },
    "ua-parser/uap-php": {
        "version": "v3.5.0"
    }
}
